
Microsoft Visual Studio Solution File, Format Version 12.00
# Visual Studio 2013
VisualStudioVersion = 12.0.31101.0
MinimumVisualStudioVersion = 10.0.40219.1
Project("{FAE04EC0-301F-11D3-BF4B-00C04F79EFBC}") = "DeterministicFiniteAutomatonLibrary", "DeterministicFiniteAutomatonLibrary\DeterministicFiniteAutomatonLibrary.csproj", "{BEA1D638-8DBD-4CEF-A9B3-BFCAEE7B979E}"
EndProject
Global
	GlobalSection(SolutionConfigurationPlatforms) = preSolution
		Debug|Any CPU = Debug|Any CPU
		Release|Any CPU = Release|Any CPU
	EndGlobalSection
	GlobalSection(ProjectConfigurationPlatforms) = postSolution
		{BEA1D638-8DBD-4CEF-A9B3-BFCAEE7B979E}.Debug|Any CPU.ActiveCfg = Debug|Any CPU
		{BEA1D638-8DBD-4CEF-A9B3-BFCAEE7B979E}.Debug|Any CPU.Build.0 = Debug|Any CPU
		{BEA1D638-8DBD-4CEF-A9B3-BFCAEE7B979E}.Release|Any CPU.ActiveCfg = Release|Any CPU
		{BEA1D638-8DBD-4CEF-A9B3-BFCAEE7B979E}.Release|Any CPU.Build.0 = Release|Any CPU
	EndGlobalSection
	GlobalSection(SolutionProperties) = preSolution
		HideSolutionNode = FALSE
	EndGlobalSection
EndGlobal
